
Microsoft Visual Studio Solution File, Format Version 12.00
# Visual Studio Version 17
VisualStudioVersion = 17.6.33723.286
MinimumVisualStudioVersion = 10.0.40219.1
Project("{FAE04EC0-301F-11D3-BF4B-00C04F79EFBC}") = "Publisher", "Publisher\Publisher.csproj", "{ECF7BF51-5431-4C74-8CAF-3FE7EAEF9A80}"
EndProject
Project("{FAE04EC0-301F-11D3-BF4B-00C04F79EFBC}") = "Consumer", "Consumer\Consumer.csproj", "{744AB7F0-7529-4935-9A6F-B83556CE9944}"
EndProject
Global
	GlobalSection(SolutionConfigurationPlatforms) = preSolution
		Debug|Any CPU = Debug|Any CPU
		Release|Any CPU = Release|Any CPU
	EndGlobalSection
	GlobalSection(ProjectConfigurationPlatforms) = postSolution
		{ECF7BF51-5431-4C74-8CAF-3FE7EAEF9A80}.Debug|Any CPU.ActiveCfg = Debug|Any CPU
		{ECF7BF51-5431-4C74-8CAF-3FE7EAEF9A80}.Debug|Any CPU.Build.0 = Debug|Any CPU
		{ECF7BF51-5431-4C74-8CAF-3FE7EAEF9A80}.Release|Any CPU.ActiveCfg = Release|Any CPU
		{ECF7BF51-5431-4C74-8CAF-3FE7EAEF9A80}.Release|Any CPU.Build.0 = Release|Any CPU
		{744AB7F0-7529-4935-9A6F-B83556CE9944}.Debug|Any CPU.ActiveCfg = Debug|Any CPU
		{744AB7F0-7529-4935-9A6F-B83556CE9944}.Debug|Any CPU.Build.0 = Debug|Any CPU
		{744AB7F0-7529-4935-9A6F-B83556CE9944}.Release|Any CPU.ActiveCfg = Release|Any CPU
		{744AB7F0-7529-4935-9A6F-B83556CE9944}.Release|Any CPU.Build.0 = Release|Any CPU
	EndGlobalSection
	GlobalSection(SolutionProperties) = preSolution
		HideSolutionNode = FALSE
	EndGlobalSection
	GlobalSection(ExtensibilityGlobals) = postSolution
		SolutionGuid = {26993929-977D-4552-9972-35B03C6D414E}
	EndGlobalSection
EndGlobal
